// !$*UTF8*$!
{
	archiveVersion = 1;
	classes = {
	};
	objectVersion = 50;
	objects = {

/* Begin PBXBuildFile section */
		B253A9432329A7160000A470 /* Grid.swift in Sources */ = {isa = PBXBuildFile; fileRef = B253A9422329A7160000A470 /* Grid.swift */; };
		B253A9452329B9150000A470 /* Items.swift in Sources */ = {isa = PBXBuildFile; fileRef = B253A9442329B9150000A470 /* Items.swift */; };
		B253A9472329B9E70000A470 /* Utility.swift in Sources */ = {isa = PBXBuildFile; fileRef = B253A9462329B9E70000A470 /* Utility.swift */; };
		B253A94A2329C9740000A470 /* HomeViewController.swift in Sources */ = {isa = PBXBuildFile; fileRef = B253A9492329C9740000A470 /* HomeViewController.swift */; };
		B253A94F2329CE360000A470 /* OptionTableViewCell.swift in Sources */ = {isa = PBXBuildFile; fileRef = B253A94D2329CE360000A470 /* OptionTableViewCell.swift */; };
		B253A9502329CE360000A470 /* OptionTableViewCell.xib in Resources */ = {isa = PBXBuildFile; fileRef = B253A94E2329CE360000A470 /* OptionTableViewCell.xib */; };
		B2DEBEA82328DDBF00619F57 /* AppDelegate.swift in Sources */ = {isa = PBXBuildFile; fileRef = B2DEBEA72328DDBF00619F57 /* AppDelegate.swift */; };
		B2DEBEAA2328DDBF00619F57 /* GameScene.sks in Resources */ = {isa = PBXBuildFile; fileRef = B2DEBEA92328DDBF00619F57 /* GameScene.sks */; };
		B2DEBEAC2328DDBF00619F57 /* Actions.sks in Resources */ = {isa = PBXBuildFile; fileRef = B2DEBEAB2328DDBF00619F57 /* Actions.sks */; };
		B2DEBEAE2328DDBF00619F57 /* GameScene.swift in Sources */ = {isa = PBXBuildFile; fileRef = B2DEBEAD2328DDBF00619F57 /* GameScene.swift */; };
		B2DEBEB02328DDBF00619F57 /* GameViewController.swift in Sources */ = {isa = PBXBuildFile; fileRef = B2DEBEAF2328DDBF00619F57 /* GameViewController.swift */; };
		B2DEBEB32328DDBF00619F57 /* Main.storyboard in Resources */ = {isa = PBXBuildFile; fileRef = B2DEBEB12328DDBF00619F57 /* Main.storyboard */; };
		B2DEBEB52328DDBF00619F57 /* Assets.xcassets in Resources */ = {isa = PBXBuildFile; fileRef = B2DEBEB42328DDBF00619F57 /* Assets.xcassets */; };
		B2DEBEB82328DDBF00619F57 /* LaunchScreen.storyboard in Resources */ = {isa = PBXBuildFile; fileRef = B2DEBEB62328DDBF00619F57 /* LaunchScreen.storyboard */; };
/* End PBXBuildFile section */

/* Begin PBXFileReference section */
		B253A9422329A7160000A470 /* Grid.swift */ = {isa = PBXFileReference; lastKnownFileType = sourcecode.swift; path = Grid.swift; sourceTree = "<group>"; };
		B253A9442329B9150000A470 /* Items.swift */ = {isa = PBXFileReference; lastKnownFileType = sourcecode.swift; path = Items.swift; sourceTree = "<group>"; };
		B253A9462329B9E70000A470 /* Utility.swift */ = {isa = PBXFileReference; lastKnownFileType = sourcecode.swift; path = Utility.swift; sourceTree = "<group>"; };
		B253A9492329C9740000A470 /* HomeViewController.swift */ = {isa = PBXFileReference; lastKnownFileType = sourcecode.swift; path = HomeViewController.swift; sourceTree = "<group>"; };
		B253A94D2329CE360000A470 /* OptionTableViewCell.swift */ = {isa = PBXFileReference; lastKnownFileType = sourcecode.swift; path = OptionTableViewCell.swift; sourceTree = "<group>"; };
		B253A94E2329CE360000A470 /* OptionTableViewCell.xib */ = {isa = PBXFileReference; lastKnownFileType = file.xib; path = OptionTableViewCell.xib; sourceTree = "<group>"; };
		B2DEBEA42328DDBF00619F57 /* pattern-matching-game.app */ = {isa = PBXFileReference; explicitFileType = wrapper.application; includeInIndex = 0; path = "pattern-matching-game.app"; sourceTree = BUILT_PRODUCTS_DIR; };
		B2DEBEA72328DDBF00619F57 /* AppDelegate.swift */ = {isa = PBXFileReference; lastKnownFileType = sourcecode.swift; path = AppDelegate.swift; sourceTree = "<group>"; };
		B2DEBEA92328DDBF00619F57 /* GameScene.sks */ = {isa = PBXFileReference; lastKnownFileType = file.sks; path = GameScene.sks; sourceTree = "<group>"; };
		B2DEBEAB2328DDBF00619F57 /* Actions.sks */ = {isa = PBXFileReference; lastKnownFileType = file.sks; path = Actions.sks; sourceTree = "<group>"; };
		B2DEBEAD2328DDBF00619F57 /* GameScene.swift */ = {isa = PBXFileReference; lastKnownFileType = sourcecode.swift; path = GameScene.swift; sourceTree = "<group>"; };
		B2DEBEAF2328DDBF00619F57 /* GameViewController.swift */ = {isa = PBXFileReference; lastKnownFileType = sourcecode.swift; path = GameViewController.swift; sourceTree = "<group>"; };
		B2DEBEB22328DDBF00619F57 /* Base */ = {isa = PBXFileReference; lastKnownFileType = file.storyboard; name = Base; path = Base.lproj/Main.storyboard; sourceTree = "<group>"; };
		B2DEBEB42328DDBF00619F57 /* Assets.xcassets */ = {isa = PBXFileReference; lastKnownFileType = folder.assetcatalog; path = Assets.xcassets; sourceTree = "<group>"; };
		B2DEBEB72328DDBF00619F57 /* Base */ = {isa = PBXFileReference; lastKnownFileType = file.storyboard; name = Base; path = Base.lproj/LaunchScreen.storyboard; sourceTree = "<group>"; };
		B2DEBEB92328DDBF00619F57 /* Info.plist */ = {isa = PBXFileReference; lastKnownFileType = text.plist.xml; path = Info.plist; sourceTree = "<group>"; };
/* End PBXFileReference section */

/* Begin PBXFrameworksBuildPhase section */
		B2DEBEA12328DDBF00619F57 /* Frameworks */ = {
			isa = PBXFrameworksBuildPhase;
			buildActionMask = 2147483647;
			files = (
			);
			runOnlyForDeploymentPostprocessing = 0;
		};
/* End PBXFrameworksBuildPhase section */

/* Begin PBXGroup section */
		B2DEBE9B2328DDBF00619F57 = {
			isa = PBXGroup;
			children = (
				B2DEBEA62328DDBF00619F57 /* pattern-matching-game */,
				B2DEBEA52328DDBF00619F57 /* Products */,
			);
			sourceTree = "<group>";
		};
		B2DEBEA52328DDBF00619F57 /* Products */ = {
			isa = PBXGroup;
			children = (
				B2DEBEA42328DDBF00619F57 /* pattern-matching-game.app */,
			);
			name = Products;
			sourceTree = "<group>";
		};
		B2DEBEA62328DDBF00619F57 /* pattern-matching-game */ = {
			isa = PBXGroup;
			children = (
				B2DEBEA72328DDBF00619F57 /* AppDelegate.swift */,
				B2DEBEA92328DDBF00619F57 /* GameScene.sks */,
				B2DEBEAB2328DDBF00619F57 /* Actions.sks */,
				B2DEBEAD2328DDBF00619F57 /* GameScene.swift */,
				B253A9442329B9150000A470 /* Items.swift */,
				B253A9462329B9E70000A470 /* Utility.swift */,
				B253A9422329A7160000A470 /* Grid.swift */,
				B2DEBEAF2328DDBF00619F57 /* GameViewController.swift */,
				B2DEBEB12328DDBF00619F57 /* Main.storyboard */,
				B253A94D2329CE360000A470 /* OptionTableViewCell.swift */,
				B253A94E2329CE360000A470 /* OptionTableViewCell.xib */,
				B253A9492329C9740000A470 /* HomeViewController.swift */,
				B2DEBEB42328DDBF00619F57 /* Assets.xcassets */,
				B2DEBEB62328DDBF00619F57 /* LaunchScreen.storyboard */,
				B2DEBEB92328DDBF00619F57 /* Info.plist */,
			);
			path = "pattern-matching-game";
			sourceTree = "<group>";
		};
/* End PBXGroup section */

/* Begin PBXNativeTarget section */
		B2DEBEA32328DDBF00619F57 /* pattern-matching-game */ = {
			isa = PBXNativeTarget;
			buildConfigurationList = B2DEBEBC2328DDBF00619F57 /* Build configuration list for PBXNativeTarget "pattern-matching-game" */;
			buildPhases = (
				B2DEBEA02328DDBF00619F57 /* Sources */,
				B2DEBEA12328DDBF00619F57 /* Frameworks */,
				B2DEBEA22328DDBF00619F57 /* Resources */,
			);
			buildRules = (
			);
			dependencies = (
			);
			name = "pattern-matching-game";
			productName = "pattern-matching-game";
			productReference = B2DEBEA42328DDBF00619F57 /* pattern-matching-game.app */;
			productType = "com.apple.product-type.application";
		};
/* End PBXNativeTarget section */

/* Begin PBXProject section */
		B2DEBE9C2328DDBF00619F57 /* Project object */ = {
			isa = PBXProject;
			attributes = {
				LastSwiftUpdateCheck = 1100;
				LastUpgradeCheck = 1100;
				ORGANIZATIONNAME = "Joshua Kuan";
				TargetAttributes = {
					B2DEBEA32328DDBF00619F57 = {
						CreatedOnToolsVersion = 11.0;
					};
				};
			};
			buildConfigurationList = B2DEBE9F2328DDBF00619F57 /* Build configuration list for PBXProject "pattern-matching-game" */;
			compatibilityVersion = "Xcode 9.3";
			developmentRegion = en;
			hasScannedForEncodings = 0;
			knownRegions = (
				en,
				Base,
			);
			mainGroup = B2DEBE9B2328DDBF00619F57;
			productRefGroup = B2DEBEA52328DDBF00619F57 /* Products */;
			projectDirPath = "";
			projectRoot = "";
			targets = (
				B2DEBEA32328DDBF00619F57 /* pattern-matching-game */,
			);
		};
/* End PBXProject section */

/* Begin PBXResourcesBuildPhase section */
		B2DEBEA22328DDBF00619F57 /* Resources */ = {
			isa = PBXResourcesBuildPhase;
			buildActionMask = 2147483647;
			files = (
				B2DEBEB32328DDBF00619F57 /* Main.storyboard in Resources */,
				B2DEBEAA2328DDBF00619F57 /* GameScene.sks in Resources */,
				B2DEBEB52328DDBF00619F57 /* Assets.xcassets in Resources */,
				B2DEBEB82328DDBF00619F57 /* LaunchScreen.storyboard in Resources */,
				B253A9502329CE360000A470 /* OptionTableViewCell.xib in Resources */,
				B2DEBEAC2328DDBF00619F57 /* Actions.sks in Resources */,
			);
			runOnlyForDeploymentPostprocessing = 0;
		};
/* End PBXResourcesBuildPhase section */

/* Begin PBXSourcesBuildPhase section */
		B2DEBEA02328DDBF00619F57 /* Sources */ = {
			isa = PBXSourcesBuildPhase;
			buildActionMask = 2147483647;
			files = (
				B253A94F2329CE360000A470 /* OptionTableViewCell.swift in Sources */,
				B2DEBEAE2328DDBF00619F57 /* GameScene.swift in Sources */,
				B2DEBEB02328DDBF00619F57 /* GameViewController.swift in Sources */,
				B253A9452329B9150000A470 /* Items.swift in Sources */,
				B253A9472329B9E70000A470 /* Utility.swift in Sources */,
				B2DEBEA82328DDBF00619F57 /* AppDelegate.swift in Sources */,
				B253A94A2329C9740000A470 /* HomeViewController.swift in Sources */,
				B253A9432329A7160000A470 /* Grid.swift in Sources */,
			);
			runOnlyForDeploymentPostprocessing = 0;
		};
/* End PBXSourcesBuildPhase section */

/* Begin PBXVariantGroup section */
		B2DEBEB12328DDBF00619F57 /* Main.storyboard */ = {
			isa = PBXVariantGroup;
			children = (
				B2DEBEB22328DDBF00619F57 /* Base */,
			);
			name = Main.storyboard;
			sourceTree = "<group>";
		};
		B2DEBEB62328DDBF00619F57 /* LaunchScreen.storyboard */ = {
			isa = PBXVariantGroup;
			children = (
				B2DEBEB72328DDBF00619F57 /* Base */,
			);
			name = LaunchScreen.storyboard;
			sourceTree = "<group>";
		};
/* End PBXVariantGroup section */

/* Begin XCBuildConfiguration section */
		B2DEBEBA2328DDBF00619F57 /* Debug */ = {
			isa = XCBuildConfiguration;
			buildSettings = {
				ALWAYS_SEARCH_USER_PATHS = NO;
				CLANG_ANALYZER_NONNULL = YES;
				CLANG_ANALYZER_NUMBER_OBJECT_CONVERSION = YES_AGGRESSIVE;
				CLANG_CXX_LANGUAGE_STANDARD = "gnu++14";
				CLANG_CXX_LIBRARY = "libc++";
				CLANG_ENABLE_MODULES = YES;
				CLANG_ENABLE_OBJC_ARC = YES;
				CLANG_ENABLE_OBJC_WEAK = YES;
				CLANG_WARN_BLOCK_CAPTURE_AUTORELEASING = YES;
				CLANG_WARN_BOOL_CONVERSION = YES;
				CLANG_WARN_COMMA = YES;
				CLANG_WARN_CONSTANT_CONVERSION = YES;
				CLANG_WARN_DEPRECATED_OBJC_IMPLEMENTATIONS = YES;
				CLANG_WARN_DIRECT_OBJC_ISA_USAGE = YES_ERROR;
				CLANG_WARN_DOCUMENTATION_COMMENTS = YES;
				CLANG_WARN_EMPTY_BODY = YES;
				CLANG_WARN_ENUM_CONVERSION = YES;
				CLANG_WARN_INFINITE_RECURSION = YES;
				CLANG_WARN_INT_CONVERSION = YES;
				CLANG_WARN_NON_LITERAL_NULL_CONVERSION = YES;
				CLANG_WARN_OBJC_IMPLICIT_RETAIN_SELF = YES;
				CLANG_WARN_OBJC_LITERAL_CONVERSION = YES;
				CLANG_WARN_OBJC_ROOT_CLASS = YES_ERROR;
				CLANG_WARN_RANGE_LOOP_ANALYSIS = YES;
				CLANG_WARN_STRICT_PROTOTYPES = YES;
				CLANG_WARN_SUSPICIOUS_MOVE = YES;
				CLANG_WARN_UNGUARDED_AVAILABILITY = YES_AGGRESSIVE;
				CLANG_WARN_UNREACHABLE_CODE = YES;
				CLANG_WARN__DUPLICATE_METHOD_MATCH = YES;
				COPY_PHASE_STRIP = NO;
				DEBUG_INFORMATION_FORMAT = dwarf;
				ENABLE_STRICT_OBJC_MSGSEND = YES;
				ENABLE_TESTABILITY = YES;
				GCC_C_LANGUAGE_STANDARD = gnu11;
				GCC_DYNAMIC_NO_PIC = NO;
				GCC_NO_COMMON_BLOCKS = YES;
				GCC_OPTIMIZATION_LEVEL = 0;
				GCC_PREPROCESSOR_DEFINITIONS = (
					"DEBUG=1",
					"$(inherited)",
				);
				GCC_WARN_64_TO_32_BIT_CONVERSION = YES;
				GCC_WARN_ABOUT_RETURN_TYPE = YES_ERROR;
				GCC_WARN_UNDECLARED_SELECTOR = YES;
				GCC_WARN_UNINITIALIZED_AUTOS = YES_AGGRESSIVE;
				GCC_WARN_UNUSED_FUNCTION = YES;
				GCC_WARN_UNUSED_VARIABLE = YES;
				IPHONEOS_DEPLOYMENT_TARGET = 13.0;
				MTL_ENABLE_DEBUG_INFO = INCLUDE_SOURCE;
				MTL_FAST_MATH = YES;
				ONLY_ACTIVE_ARCH = YES;
				SDKROOT = iphoneos;
				SWIFT_ACTIVE_COMPILATION_CONDITIONS = DEBUG;
				SWIFT_OPTIMIZATION_LEVEL = "-Onone";
			};
			name = Debug;
		};
		B2DEBEBB2328DDBF00619F57 /* Release */ = {
			isa = XCBuildConfiguration;
			buildSettings = {
				ALWAYS_SEARCH_USER_PATHS = NO;
				CLANG_ANALYZER_NONNULL = YES;
				CLANG_ANALYZER_NUMBER_OBJECT_CONVERSION = YES_AGGRESSIVE;
				CLANG_CXX_LANGUAGE_STANDARD = "gnu++14";
				CLANG_CXX_LIBRARY = "libc++";
				CLANG_ENABLE_MODULES = YES;
				CLANG_ENABLE_OBJC_ARC = YES;
				CLANG_ENABLE_OBJC_WEAK = YES;
				CLANG_WARN_BLOCK_CAPTURE_AUTORELEASING = YES;
				CLANG_WARN_BOOL_CONVERSION = YES;
				CLANG_WARN_COMMA = YES;
				CLANG_WARN_CONSTANT_CONVERSION = YES;
				CLANG_WARN_DEPRECATED_OBJC_IMPLEMENTATIONS = YES;
				CLANG_WARN_DIRECT_OBJC_ISA_USAGE = YES_ERROR;
				CLANG_WARN_DOCUMENTATION_COMMENTS = YES;
				CLANG_WARN_EMPTY_BODY = YES;
				CLANG_WARN_ENUM_CONVERSION = YES;
				CLANG_WARN_INFINITE_RECURSION = YES;
				CLANG_WARN_INT_CONVERSION = YES;
				CLANG_WARN_NON_LITERAL_NULL_CONVERSION = YES;
				CLANG_WARN_OBJC_IMPLICIT_RETAIN_SELF = YES;
				CLANG_WARN_OBJC_LITERAL_CONVERSION = YES;
				CLANG_WARN_OBJC_ROOT_CLASS = YES_ERROR;
				CLANG_WARN_RANGE_LOOP_ANALYSIS = YES;
				CLANG_WARN_STRICT_PROTOTYPES = YES;
				CLANG_WARN_SUSPICIOUS_MOVE = YES;
				CLANG_WARN_UNGUARDED_AVAILABILITY = YES_AGGRESSIVE;
				CLANG_WARN_UNREACHABLE_CODE = YES;
				CLANG_WARN__DUPLICATE_METHOD_MATCH = YES;
				COPY_PHASE_STRIP = NO;
				DEBUG_INFORMATION_FORMAT = "dwarf-with-dsym";
				ENABLE_NS_ASSERTIONS = NO;
				ENABLE_STRICT_OBJC_MSGSEND = YES;
				GCC_C_LANGUAGE_STANDARD = gnu11;
				GCC_NO_COMMON_BLOCKS = YES;
				GCC_WARN_64_TO_32_BIT_CONVERSION = YES;
				GCC_WARN_ABOUT_RETURN_TYPE = YES_ERROR;
				GCC_WARN_UNDECLARED_SELECTOR = YES;
				GCC_WARN_UNINITIALIZED_AUTOS = YES_AGGRESSIVE;
				GCC_WARN_UNUSED_FUNCTION = YES;
				GCC_WARN_UNUSED_VARIABLE = YES;
				IPHONEOS_DEPLOYMENT_TARGET = 13.0;
				MTL_ENABLE_DEBUG_INFO = NO;
				MTL_FAST_MATH = YES;
				SDKROOT = iphoneos;
				SWIFT_COMPILATION_MODE = wholemodule;
				SWIFT_OPTIMIZATION_LEVEL = "-O";
				VALIDATE_PRODUCT = YES;
			};
			name = Release;
		};
		B2DEBEBD2328DDBF00619F57 /* Debug */ = {
			isa = XCBuildConfiguration;
			buildSettings = {
				ASSETCATALOG_COMPILER_APPICON_NAME = AppIcon;
				CODE_SIGN_STYLE = Automatic;
				DEVELOPMENT_TEAM = YN83627A85;
				INFOPLIST_FILE = "pattern-matching-game/Info.plist";
				IPHONEOS_DEPLOYMENT_TARGET = 12.0;
				LD_RUNPATH_SEARCH_PATHS = (
					"$(inherited)",
					"@executable_path/Frameworks",
				);
				PRODUCT_BUNDLE_IDENTIFIER = "com.cwjoshuak.pattern-matching-game";
				PRODUCT_NAME = "$(TARGET_NAME)";
				SWIFT_VERSION = 5.0;
				TARGETED_DEVICE_FAMILY = "1,2";
			};
			name = Debug;
		};
		B2DEBEBE2328DDBF00619F57 /* Release */ = {
			isa = XCBuildConfiguration;
			buildSettings = {
				ASSETCATALOG_COMPILER_APPICON_NAME = AppIcon;
				CODE_SIGN_STYLE = Automatic;
				DEVELOPMENT_TEAM = YN83627A85;
				INFOPLIST_FILE = "pattern-matching-game/Info.plist";
				IPHONEOS_DEPLOYMENT_TARGET = 12.0;
				LD_RUNPATH_SEARCH_PATHS = (
					"$(inherited)",
					"@executable_path/Frameworks",
				);
				PRODUCT_BUNDLE_IDENTIFIER = "com.cwjoshuak.pattern-matching-game";
				PRODUCT_NAME = "$(TARGET_NAME)";
				SWIFT_VERSION = 5.0;
				TARGETED_DEVICE_FAMILY = "1,2";
			};
			name = Release;
		};
/* End XCBuildConfiguration section */

/* Begin XCConfigurationList section */
		B2DEBE9F2328DDBF00619F57 /* Build configuration list for PBXProject "pattern-matching-game" */ = {
			isa = XCConfigurationList;
			buildConfigurations = (
				B2DEBEBA2328DDBF00619F57 /* Debug */,
				B2DEBEBB2328DDBF00619F57 /* Release */,
			);
			defaultConfigurationIsVisible = 0;
			defaultConfigurationName = Release;
		};
		B2DEBEBC2328DDBF00619F57 /* Build configuration list for PBXNativeTarget "pattern-matching-game" */ = {
			isa = XCConfigurationList;
			buildConfigurations = (
				B2DEBEBD2328DDBF00619F57 /* Debug */,
				B2DEBEBE2328DDBF00619F57 /* Release */,
			);
			defaultConfigurationIsVisible = 0;
			defaultConfigurationName = Release;
		};
/* End XCConfigurationList section */
	};
	rootObject = B2DEBE9C2328DDBF00619F57 /* Project object */;
}
